// !$*UTF8*$!
{
	archiveVersion = 1;
	classes = {
	};
	objectVersion = 50;
	objects = {

/* Begin PBXBuildFile section */
		D81A71502586703D00D093B7 /* ContentView.swift in Sources */ = {isa = PBXBuildFile; fileRef = D81A714F2586703D00D093B7 /* ContentView.swift */; };
		D81A715425867B3700D093B7 /* FavoriteButton.swift in Sources */ = {isa = PBXBuildFile; fileRef = D81A715325867B3700D093B7 /* FavoriteButton.swift */; };
		D8406B9125851EB2003CB173 /* LandMarksApp.swift in Sources */ = {isa = PBXBuildFile; fileRef = D8406B9025851EB2003CB173 /* LandMarksApp.swift */; };
		D8406B9325851EB2003CB173 /* ContentView.swift in Sources */ = {isa = PBXBuildFile; fileRef = D8406B9225851EB2003CB173 /* ContentView.swift */; };
		D8406B9525851EB3003CB173 /* Assets.xcassets in Resources */ = {isa = PBXBuildFile; fileRef = D8406B9425851EB3003CB173 /* Assets.xcassets */; };
		D8406B9825851EB3003CB173 /* Preview Assets.xcassets in Resources */ = {isa = PBXBuildFile; fileRef = D8406B9725851EB3003CB173 /* Preview Assets.xcassets */; };
		D8406BA125852255003CB173 /* CircleImage.swift in Sources */ = {isa = PBXBuildFile; fileRef = D8406BA025852255003CB173 /* CircleImage.swift */; };
		D8406BA4258523D0003CB173 /* MapView.swift in Sources */ = {isa = PBXBuildFile; fileRef = D8406BA3258523D0003CB173 /* MapView.swift */; };
		D8406BA725852C98003CB173 /* landmarkData.json in Resources */ = {isa = PBXBuildFile; fileRef = D8406BA625852C98003CB173 /* landmarkData.json */; };
		D8406BAA25852CC1003CB173 /* Landmark.swift in Sources */ = {isa = PBXBuildFile; fileRef = D8406BA925852CC1003CB173 /* Landmark.swift */; };
		D8406BAD25852EC8003CB173 /* ModelData.swift in Sources */ = {isa = PBXBuildFile; fileRef = D8406BAC25852EC8003CB173 /* ModelData.swift */; };
		D8406BB525860777003CB173 /* LandMarkRow.swift in Sources */ = {isa = PBXBuildFile; fileRef = D8406BB425860777003CB173 /* LandMarkRow.swift */; };
		D8406BBB25860CE1003CB173 /* LandmarkList.swift in Sources */ = {isa = PBXBuildFile; fileRef = D8406BBA25860CE1003CB173 /* LandmarkList.swift */; };
		D8406BBF25860E91003CB173 /* LandmarkDetail.swift in Sources */ = {isa = PBXBuildFile; fileRef = D8406BBE25860E91003CB173 /* LandmarkDetail.swift */; };
/* End PBXBuildFile section */

/* Begin PBXFileReference section */
		D81A714F2586703D00D093B7 /* ContentView.swift */ = {isa = PBXFileReference; lastKnownFileType = sourcecode.swift; path = ContentView.swift; sourceTree = "<group>"; };
		D81A715325867B3700D093B7 /* FavoriteButton.swift */ = {isa = PBXFileReference; lastKnownFileType = sourcecode.swift; path = FavoriteButton.swift; sourceTree = "<group>"; };
		D8406B8D25851EB2003CB173 /* LandMarks.app */ = {isa = PBXFileReference; explicitFileType = wrapper.application; includeInIndex = 0; path = LandMarks.app; sourceTree = BUILT_PRODUCTS_DIR; };
		D8406B9025851EB2003CB173 /* LandMarksApp.swift */ = {isa = PBXFileReference; lastKnownFileType = sourcecode.swift; path = LandMarksApp.swift; sourceTree = "<group>"; };
		D8406B9225851EB2003CB173 /* ContentView.swift */ = {isa = PBXFileReference; lastKnownFileType = sourcecode.swift; path = ContentView.swift; sourceTree = "<group>"; };
		D8406B9425851EB3003CB173 /* Assets.xcassets */ = {isa = PBXFileReference; lastKnownFileType = folder.assetcatalog; path = Assets.xcassets; sourceTree = "<group>"; };
		D8406B9725851EB3003CB173 /* Preview Assets.xcassets */ = {isa = PBXFileReference; lastKnownFileType = folder.assetcatalog; path = "Preview Assets.xcassets"; sourceTree = "<group>"; };
		D8406B9925851EB3003CB173 /* Info.plist */ = {isa = PBXFileReference; lastKnownFileType = text.plist.xml; path = Info.plist; sourceTree = "<group>"; };
		D8406BA025852255003CB173 /* CircleImage.swift */ = {isa = PBXFileReference; lastKnownFileType = sourcecode.swift; path = CircleImage.swift; sourceTree = "<group>"; };
		D8406BA3258523D0003CB173 /* MapView.swift */ = {isa = PBXFileReference; lastKnownFileType = sourcecode.swift; path = MapView.swift; sourceTree = "<group>"; };
		D8406BA625852C98003CB173 /* landmarkData.json */ = {isa = PBXFileReference; fileEncoding = 4; lastKnownFileType = text.json; path = landmarkData.json; sourceTree = "<group>"; };
		D8406BA925852CC1003CB173 /* Landmark.swift */ = {isa = PBXFileReference; lastKnownFileType = sourcecode.swift; path = Landmark.swift; sourceTree = "<group>"; };
		D8406BAC25852EC8003CB173 /* ModelData.swift */ = {isa = PBXFileReference; lastKnownFileType = sourcecode.swift; path = ModelData.swift; sourceTree = "<group>"; };
		D8406BB425860777003CB173 /* LandMarkRow.swift */ = {isa = PBXFileReference; lastKnownFileType = sourcecode.swift; path = LandMarkRow.swift; sourceTree = "<group>"; };
		D8406BBA25860CE1003CB173 /* LandmarkList.swift */ = {isa = PBXFileReference; lastKnownFileType = sourcecode.swift; path = LandmarkList.swift; sourceTree = "<group>"; };
		D8406BBE25860E91003CB173 /* LandmarkDetail.swift */ = {isa = PBXFileReference; lastKnownFileType = sourcecode.swift; path = LandmarkDetail.swift; sourceTree = "<group>"; };
/* End PBXFileReference section */

/* Begin PBXFrameworksBuildPhase section */
		D8406B8A25851EB2003CB173 /* Frameworks */ = {
			isa = PBXFrameworksBuildPhase;
			buildActionMask = 2147483647;
			files = (
			);
			runOnlyForDeploymentPostprocessing = 0;
		};
/* End PBXFrameworksBuildPhase section */

/* Begin PBXGroup section */
		D81A715625867C0300D093B7 /* Landmarks */ = {
			isa = PBXGroup;
			children = (
				D8406BBA25860CE1003CB173 /* LandmarkList.swift */,
				D8406BBE25860E91003CB173 /* LandmarkDetail.swift */,
				D8406BB425860777003CB173 /* LandMarkRow.swift */,
			);
			path = Landmarks;
			sourceTree = "<group>";
		};
		D81A715725867C0C00D093B7 /* Helpers */ = {
			isa = PBXGroup;
			children = (
				D81A715325867B3700D093B7 /* FavoriteButton.swift */,
				D8406BA3258523D0003CB173 /* MapView.swift */,
				D8406BA025852255003CB173 /* CircleImage.swift */,
			);
			path = Helpers;
			sourceTree = "<group>";
		};
		D8406B8425851EB2003CB173 = {
			isa = PBXGroup;
			children = (
				D8406B8F25851EB2003CB173 /* LandMarks */,
				D8406B8E25851EB2003CB173 /* Products */,
			);
			sourceTree = "<group>";
		};
		D8406B8E25851EB2003CB173 /* Products */ = {
			isa = PBXGroup;
			children = (
				D8406B8D25851EB2003CB173 /* LandMarks.app */,
			);
			name = Products;
			sourceTree = "<group>";
		};
		D8406B8F25851EB2003CB173 /* LandMarks */ = {
			isa = PBXGroup;
			children = (
				D8406BB22585C46C003CB173 /* Resources */,
				D8406BB12585C45E003CB173 /* Model */,
				D8406BAF2585C435003CB173 /* Views */,
				D8406B9025851EB2003CB173 /* LandMarksApp.swift */,
				D8406B9425851EB3003CB173 /* Assets.xcassets */,
				D8406B9925851EB3003CB173 /* Info.plist */,
				D8406B9625851EB3003CB173 /* Preview Content */,
			);
			path = LandMarks;
			sourceTree = "<group>";
		};
		D8406B9625851EB3003CB173 /* Preview Content */ = {
			isa = PBXGroup;
			children = (
				D8406B9725851EB3003CB173 /* Preview Assets.xcassets */,
			);
			path = "Preview Content";
			sourceTree = "<group>";
		};
		D8406BAF2585C435003CB173 /* Views */ = {
			isa = PBXGroup;
			children = (
				D81A715725867C0C00D093B7 /* Helpers */,
				D81A715625867C0300D093B7 /* Landmarks */,
				D8406B9225851EB2003CB173 /* ContentView.swift */,
				D81A714F2586703D00D093B7 /* ContentView.swift */,
			);
			path = Views;
			sourceTree = "<group>";
		};
		D8406BB12585C45E003CB173 /* Model */ = {
			isa = PBXGroup;
			children = (
				D8406BA925852CC1003CB173 /* Landmark.swift */,
				D8406BAC25852EC8003CB173 /* ModelData.swift */,
			);
			path = Model;
			sourceTree = "<group>";
		};
		D8406BB22585C46C003CB173 /* Resources */ = {
			isa = PBXGroup;
			children = (
				D8406BA625852C98003CB173 /* landmarkData.json */,
			);
			path = Resources;
			sourceTree = "<group>";
		};
/* End PBXGroup section */

/* Begin PBXNativeTarget section */
		D8406B8C25851EB2003CB173 /* LandMarks */ = {
			isa = PBXNativeTarget;
			buildConfigurationList = D8406B9C25851EB3003CB173 /* Build configuration list for PBXNativeTarget "LandMarks" */;
			buildPhases = (
				D8406B8925851EB2003CB173 /* Sources */,
				D8406B8A25851EB2003CB173 /* Frameworks */,
				D8406B8B25851EB2003CB173 /* Resources */,
			);
			buildRules = (
			);
			dependencies = (
			);
			name = LandMarks;
			productName = LandMarks;
			productReference = D8406B8D25851EB2003CB173 /* LandMarks.app */;
			productType = "com.apple.product-type.application";
		};
/* End PBXNativeTarget section */

/* Begin PBXProject section */
		D8406B8525851EB2003CB173 /* Project object */ = {
			isa = PBXProject;
			attributes = {
				LastSwiftUpdateCheck = 1220;
				LastUpgradeCheck = 1220;
				TargetAttributes = {
					D8406B8C25851EB2003CB173 = {
						CreatedOnToolsVersion = 12.2;
					};
				};
			};
			buildConfigurationList = D8406B8825851EB2003CB173 /* Build configuration list for PBXProject "LandMarks" */;
			compatibilityVersion = "Xcode 9.3";
			developmentRegion = en;
			hasScannedForEncodings = 0;
			knownRegions = (
				en,
				Base,
			);
			mainGroup = D8406B8425851EB2003CB173;
			productRefGroup = D8406B8E25851EB2003CB173 /* Products */;
			projectDirPath = "";
			projectRoot = "";
			targets = (
				D8406B8C25851EB2003CB173 /* LandMarks */,
			);
		};
/* End PBXProject section */

/* Begin PBXResourcesBuildPhase section */
		D8406B8B25851EB2003CB173 /* Resources */ = {
			isa = PBXResourcesBuildPhase;
			buildActionMask = 2147483647;
			files = (
				D8406B9825851EB3003CB173 /* Preview Assets.xcassets in Resources */,
				D8406B9525851EB3003CB173 /* Assets.xcassets in Resources */,
				D8406BA725852C98003CB173 /* landmarkData.json in Resources */,
			);
			runOnlyForDeploymentPostprocessing = 0;
		};
/* End PBXResourcesBuildPhase section */

/* Begin PBXSourcesBuildPhase section */
		D8406B8925851EB2003CB173 /* Sources */ = {
			isa = PBXSourcesBuildPhase;
			buildActionMask = 2147483647;
			files = (
				D8406B9325851EB2003CB173 /* ContentView.swift in Sources */,
				D8406BB525860777003CB173 /* LandMarkRow.swift in Sources */,
				D8406BA4258523D0003CB173 /* MapView.swift in Sources */,
				D8406BBB25860CE1003CB173 /* LandmarkList.swift in Sources */,
				D8406BBF25860E91003CB173 /* LandmarkDetail.swift in Sources */,
				D8406B9125851EB2003CB173 /* LandMarksApp.swift in Sources */,
				D81A71502586703D00D093B7 /* ContentView.swift in Sources */,
				D8406BA125852255003CB173 /* CircleImage.swift in Sources */,
				D8406BAA25852CC1003CB173 /* Landmark.swift in Sources */,
				D81A715425867B3700D093B7 /* FavoriteButton.swift in Sources */,
				D8406BAD25852EC8003CB173 /* ModelData.swift in Sources */,
			);
			runOnlyForDeploymentPostprocessing = 0;
		};
/* End PBXSourcesBuildPhase section */

/* Begin XCBuildConfiguration section */
		D8406B9A25851EB3003CB173 /* Debug */ = {
			isa = XCBuildConfiguration;
			buildSettings = {
				ALWAYS_SEARCH_USER_PATHS = NO;
				CLANG_ANALYZER_NONNULL = YES;
				CLANG_ANALYZER_NUMBER_OBJECT_CONVERSION = YES_AGGRESSIVE;
				CLANG_CXX_LANGUAGE_STANDARD = "gnu++14";
				CLANG_CXX_LIBRARY = "libc++";
				CLANG_ENABLE_MODULES = YES;
				CLANG_ENABLE_OBJC_ARC = YES;
				CLANG_ENABLE_OBJC_WEAK = YES;
				CLANG_WARN_BLOCK_CAPTURE_AUTORELEASING = YES;
				CLANG_WARN_BOOL_CONVERSION = YES;
				CLANG_WARN_COMMA = YES;
				CLANG_WARN_CONSTANT_CONVERSION = YES;
				CLANG_WARN_DEPRECATED_OBJC_IMPLEMENTATIONS = YES;
				CLANG_WARN_DIRECT_OBJC_ISA_USAGE = YES_ERROR;
				CLANG_WARN_DOCUMENTATION_COMMENTS = YES;
				CLANG_WARN_EMPTY_BODY = YES;
				CLANG_WARN_ENUM_CONVERSION = YES;
				CLANG_WARN_INFINITE_RECURSION = YES;
				CLANG_WARN_INT_CONVERSION = YES;
				CLANG_WARN_NON_LITERAL_NULL_CONVERSION = YES;
				CLANG_WARN_OBJC_IMPLICIT_RETAIN_SELF = YES;
				CLANG_WARN_OBJC_LITERAL_CONVERSION = YES;
				CLANG_WARN_OBJC_ROOT_CLASS = YES_ERROR;
				CLANG_WARN_QUOTED_INCLUDE_IN_FRAMEWORK_HEADER = YES;
				CLANG_WARN_RANGE_LOOP_ANALYSIS = YES;
				CLANG_WARN_STRICT_PROTOTYPES = YES;
				CLANG_WARN_SUSPICIOUS_MOVE = YES;
				CLANG_WARN_UNGUARDED_AVAILABILITY = YES_AGGRESSIVE;
				CLANG_WARN_UNREACHABLE_CODE = YES;
				CLANG_WARN__DUPLICATE_METHOD_MATCH = YES;
				COPY_PHASE_STRIP = NO;
				DEBUG_INFORMATION_FORMAT = dwarf;
				ENABLE_STRICT_OBJC_MSGSEND = YES;
				ENABLE_TESTABILITY = YES;
				GCC_C_LANGUAGE_STANDARD = gnu11;
				GCC_DYNAMIC_NO_PIC = NO;
				GCC_NO_COMMON_BLOCKS = YES;
				GCC_OPTIMIZATION_LEVEL = 0;
				GCC_PREPROCESSOR_DEFINITIONS = (
					"DEBUG=1",
					"$(inherited)",
				);
				GCC_WARN_64_TO_32_BIT_CONVERSION = YES;
				GCC_WARN_ABOUT_RETURN_TYPE = YES_ERROR;
				GCC_WARN_UNDECLARED_SELECTOR = YES;
				GCC_WARN_UNINITIALIZED_AUTOS = YES_AGGRESSIVE;
				GCC_WARN_UNUSED_FUNCTION = YES;
				GCC_WARN_UNUSED_VARIABLE = YES;
				IPHONEOS_DEPLOYMENT_TARGET = 14.2;
				MTL_ENABLE_DEBUG_INFO = INCLUDE_SOURCE;
				MTL_FAST_MATH = YES;
				ONLY_ACTIVE_ARCH = YES;
				SDKROOT = iphoneos;
				SWIFT_ACTIVE_COMPILATION_CONDITIONS = DEBUG;
				SWIFT_OPTIMIZATION_LEVEL = "-Onone";
			};
			name = Debug;
		};
		D8406B9B25851EB3003CB173 /* Release */ = {
			isa = XCBuildConfiguration;
			buildSettings = {
				ALWAYS_SEARCH_USER_PATHS = NO;
				CLANG_ANALYZER_NONNULL = YES;
				CLANG_ANALYZER_NUMBER_OBJECT_CONVERSION = YES_AGGRESSIVE;
				CLANG_CXX_LANGUAGE_STANDARD = "gnu++14";
				CLANG_CXX_LIBRARY = "libc++";
				CLANG_ENABLE_MODULES = YES;
				CLANG_ENABLE_OBJC_ARC = YES;
				CLANG_ENABLE_OBJC_WEAK = YES;
				CLANG_WARN_BLOCK_CAPTURE_AUTORELEASING = YES;
				CLANG_WARN_BOOL_CONVERSION = YES;
				CLANG_WARN_COMMA = YES;
				CLANG_WARN_CONSTANT_CONVERSION = YES;
				CLANG_WARN_DEPRECATED_OBJC_IMPLEMENTATIONS = YES;
				CLANG_WARN_DIRECT_OBJC_ISA_USAGE = YES_ERROR;
				CLANG_WARN_DOCUMENTATION_COMMENTS = YES;
				CLANG_WARN_EMPTY_BODY = YES;
				CLANG_WARN_ENUM_CONVERSION = YES;
				CLANG_WARN_INFINITE_RECURSION = YES;
				CLANG_WARN_INT_CONVERSION = YES;
				CLANG_WARN_NON_LITERAL_NULL_CONVERSION = YES;
				CLANG_WARN_OBJC_IMPLICIT_RETAIN_SELF = YES;
				CLANG_WARN_OBJC_LITERAL_CONVERSION = YES;
				CLANG_WARN_OBJC_ROOT_CLASS = YES_ERROR;
				CLANG_WARN_QUOTED_INCLUDE_IN_FRAMEWORK_HEADER = YES;
				CLANG_WARN_RANGE_LOOP_ANALYSIS = YES;
				CLANG_WARN_STRICT_PROTOTYPES = YES;
				CLANG_WARN_SUSPICIOUS_MOVE = YES;
				CLANG_WARN_UNGUARDED_AVAILABILITY = YES_AGGRESSIVE;
				CLANG_WARN_UNREACHABLE_CODE = YES;
				CLANG_WARN__DUPLICATE_METHOD_MATCH = YES;
				COPY_PHASE_STRIP = NO;
				DEBUG_INFORMATION_FORMAT = "dwarf-with-dsym";
				ENABLE_NS_ASSERTIONS = NO;
				ENABLE_STRICT_OBJC_MSGSEND = YES;
				GCC_C_LANGUAGE_STANDARD = gnu11;
				GCC_NO_COMMON_BLOCKS = YES;
				GCC_WARN_64_TO_32_BIT_CONVERSION = YES;
				GCC_WARN_ABOUT_RETURN_TYPE = YES_ERROR;
				GCC_WARN_UNDECLARED_SELECTOR = YES;
				GCC_WARN_UNINITIALIZED_AUTOS = YES_AGGRESSIVE;
				GCC_WARN_UNUSED_FUNCTION = YES;
				GCC_WARN_UNUSED_VARIABLE = YES;
				IPHONEOS_DEPLOYMENT_TARGET = 14.2;
				MTL_ENABLE_DEBUG_INFO = NO;
				MTL_FAST_MATH = YES;
				SDKROOT = iphoneos;
				SWIFT_COMPILATION_MODE = wholemodule;
				SWIFT_OPTIMIZATION_LEVEL = "-O";
				VALIDATE_PRODUCT = YES;
			};
			name = Release;
		};
		D8406B9D25851EB3003CB173 /* Debug */ = {
			isa = XCBuildConfiguration;
			buildSettings = {
				ASSETCATALOG_COMPILER_APPICON_NAME = AppIcon;
				ASSETCATALOG_COMPILER_GLOBAL_ACCENT_COLOR_NAME = AccentColor;
				CODE_SIGN_STYLE = Automatic;
				DEVELOPMENT_ASSET_PATHS = "\"LandMarks/Preview Content\"";
				DEVELOPMENT_TEAM = 4GB6P5KNW3;
				ENABLE_PREVIEWS = YES;
				INFOPLIST_FILE = LandMarks/Info.plist;
				IPHONEOS_DEPLOYMENT_TARGET = 14.0;
				LD_RUNPATH_SEARCH_PATHS = (
					"$(inherited)",
					"@executable_path/Frameworks",
				);
				PRODUCT_BUNDLE_IDENTIFIER = fangwenjie.LandMarks;
				PRODUCT_NAME = "$(TARGET_NAME)";
				SWIFT_VERSION = 5.0;
				TARGETED_DEVICE_FAMILY = "1,2";
			};
			name = Debug;
		};
		D8406B9E25851EB3003CB173 /* Release */ = {
			isa = XCBuildConfiguration;
			buildSettings = {
				ASSETCATALOG_COMPILER_APPICON_NAME = AppIcon;
				ASSETCATALOG_COMPILER_GLOBAL_ACCENT_COLOR_NAME = AccentColor;
				CODE_SIGN_STYLE = Automatic;
				DEVELOPMENT_ASSET_PATHS = "\"LandMarks/Preview Content\"";
				DEVELOPMENT_TEAM = 4GB6P5KNW3;
				ENABLE_PREVIEWS = YES;
				INFOPLIST_FILE = LandMarks/Info.plist;
				IPHONEOS_DEPLOYMENT_TARGET = 14.0;
				LD_RUNPATH_SEARCH_PATHS = (
					"$(inherited)",
					"@executable_path/Frameworks",
				);
				PRODUCT_BUNDLE_IDENTIFIER = fangwenjie.LandMarks;
				PRODUCT_NAME = "$(TARGET_NAME)";
				SWIFT_VERSION = 5.0;
				TARGETED_DEVICE_FAMILY = "1,2";
			};
			name = Release;
		};
/* End XCBuildConfiguration section */

/* Begin XCConfigurationList section */
		D8406B8825851EB2003CB173 /* Build configuration list for PBXProject "LandMarks" */ = {
			isa = XCConfigurationList;
			buildConfigurations = (
				D8406B9A25851EB3003CB173 /* Debug */,
				D8406B9B25851EB3003CB173 /* Release */,
			);
			defaultConfigurationIsVisible = 0;
			defaultConfigurationName = Release;
		};
		D8406B9C25851EB3003CB173 /* Build configuration list for PBXNativeTarget "LandMarks" */ = {
			isa = XCConfigurationList;
			buildConfigurations = (
				D8406B9D25851EB3003CB173 /* Debug */,
				D8406B9E25851EB3003CB173 /* Release */,
			);
			defaultConfigurationIsVisible = 0;
			defaultConfigurationName = Release;
		};
/* End XCConfigurationList section */
	};
	rootObject = D8406B8525851EB2003CB173 /* Project object */;
}
